
Microsoft Visual Studio Solution File, Format Version 12.00
# Visual Studio Version 16
VisualStudioVersion = 16.0.31005.135
MinimumVisualStudioVersion = 10.0.40219.1
Project("{FAE04EC0-301F-11D3-BF4B-00C04F79EFBC}") = "MV-Dictionary", "MV-Dictionary\MV-Dictionary.csproj", "{8FF3D692-3AC6-43A6-99F1-1D7E1FF515B9}"
EndProject
Project("{FAE04EC0-301F-11D3-BF4B-00C04F79EFBC}") = "MultiValueDictionaryTests", "MultiValueDictionaryTests\MultiValueDictionaryTests.csproj", "{F1EED7C2-98DF-49A3-B760-5114F0C5EB6F}"
	ProjectSection(ProjectDependencies) = postProject
		{8FF3D692-3AC6-43A6-99F1-1D7E1FF515B9} = {8FF3D692-3AC6-43A6-99F1-1D7E1FF515B9}
	EndProjectSection
EndProject
Global
	GlobalSection(SolutionConfigurationPlatforms) = preSolution
		Debug|Any CPU = Debug|Any CPU
		Release|Any CPU = Release|Any CPU
	EndGlobalSection
	GlobalSection(ProjectConfigurationPlatforms) = postSolution
		{8FF3D692-3AC6-43A6-99F1-1D7E1FF515B9}.Debug|Any CPU.ActiveCfg = Debug|Any CPU
		{8FF3D692-3AC6-43A6-99F1-1D7E1FF515B9}.Debug|Any CPU.Build.0 = Debug|Any CPU
		{8FF3D692-3AC6-43A6-99F1-1D7E1FF515B9}.Release|Any CPU.ActiveCfg = Release|Any CPU
		{8FF3D692-3AC6-43A6-99F1-1D7E1FF515B9}.Release|Any CPU.Build.0 = Release|Any CPU
		{F1EED7C2-98DF-49A3-B760-5114F0C5EB6F}.Debug|Any CPU.ActiveCfg = Debug|Any CPU
		{F1EED7C2-98DF-49A3-B760-5114F0C5EB6F}.Debug|Any CPU.Build.0 = Debug|Any CPU
		{F1EED7C2-98DF-49A3-B760-5114F0C5EB6F}.Release|Any CPU.ActiveCfg = Release|Any CPU
		{F1EED7C2-98DF-49A3-B760-5114F0C5EB6F}.Release|Any CPU.Build.0 = Release|Any CPU
	EndGlobalSection
	GlobalSection(SolutionProperties) = preSolution
		HideSolutionNode = FALSE
	EndGlobalSection
	GlobalSection(ExtensibilityGlobals) = postSolution
		SolutionGuid = {ED020CDA-6DB5-4C43-9DF4-50CEF6E40D92}
	EndGlobalSection
EndGlobal
